# This file is automatically @generated by Cargo.
# It is not intended for manual editing.
version = 4

[[package]]
name = "llama3"
version = "0.1.0"

[[package]]
name = "onnx"
version = "0.1.0"

[[package]]
name = "parakeet"
version = "0.1.0"
dependencies = [
 "onnx",
]

[[package]]
name = "pocket"
version = "0.1.0"

[[package]]
name = "tensorrt"
version = "0.1.0"
